maximize
url: отдохнутьвкрыму.рф/customer/
@hotelName: Алупка
@userName: ruslan-bik@yandex.ru
@password: kRnZBweSNEjr-8VJY0htTw==
input[name='full_address'] {
    pause: 2000
    sendkey:@hotelName
}
input[name='arr-date'] {
    click
    pause: 1000
}
.applyBtn {
    click
}
button.form__btn {
    click
    pause: 2000
}
.hotel-card__btn > a::first {
    click
    pause: 2000
}
input[name=login]::visible {
    sendkey: @userName
}
input[name=password]::visible {
    sendkey: @password
}
.modal-footer > button.blue-btn::visible{
    click
    pause: 100
    getalert
}
screenshot
pause: 20000