maximize
url: https://reports.irongenius.com/
@hotelName: Алупкав
@userName: bik4ruslan@gmail.com
@password: 41i1U9Ojlv0lBcy58J_cRA==

screenshot
input[type="email"]::visible {
    sendkey: @userName
}
input[type="password"]::visible {
    sendkey: @password
}
button {
    click:
    pause: 200
}
screenshot
#outer-container > div > div > div.c-homepage__filters.response > form > ul > li:nth-child(1) > div > label:nth-child(1) > span {
    click:
}
screenshot
#outer-container > div > div > div.c-homepage__filters.response > form > div.recalculate > button {
    click:
    pause: 400
    getalert

}

#outer-container > header > div.left > div > div > div.bm-menu-wrap > div.bm-menu > nav > div > ul > li:nth-child(2) > a  {
    click:
    pause: 200
    getalert

}

#start-date0 {
    click:
            getalert

}

#outer-container > header > div.left > div > div > div.bm-menu-wrap > div.bm-menu > nav > div > ul > li:nth-child(3) > a > span {
    click:
    getalert:


}
pause: 2000